
Microsoft Visual Studio Solution File, Format Version 12.00
# Visual Studio Version 17
VisualStudioVersion = 17.9.34701.34
MinimumVisualStudioVersion = 10.0.40219.1
Project("{9A19103F-16F7-4668-BE54-9A1E7A4F7556}") = "MobileCrudDs", "MobileCrudDs.csproj", "{06E2E9B9-9FCB-4BDE-93A1-BAC08E139B64}"
EndProject
Global
	GlobalSection(SolutionConfigurationPlatforms) = preSolution
		Debug|Any CPU = Debug|Any CPU
		Release|Any CPU = Release|Any CPU
	EndGlobalSection
	GlobalSection(ProjectConfigurationPlatforms) = postSolution
		{06E2E9B9-9FCB-4BDE-93A1-BAC08E139B64}.Debug|Any CPU.ActiveCfg = Debug|Any CPU
		{06E2E9B9-9FCB-4BDE-93A1-BAC08E139B64}.Debug|Any CPU.Build.0 = Debug|Any CPU
		{06E2E9B9-9FCB-4BDE-93A1-BAC08E139B64}.Release|Any CPU.ActiveCfg = Release|Any CPU
		{06E2E9B9-9FCB-4BDE-93A1-BAC08E139B64}.Release|Any CPU.Build.0 = Release|Any CPU
	EndGlobalSection
	GlobalSection(SolutionProperties) = preSolution
		HideSolutionNode = FALSE
	EndGlobalSection
	GlobalSection(ExtensibilityGlobals) = postSolution
		SolutionGuid = {390BACA7-98E1-4CD8-99AE-BB3BAB782E40}
	EndGlobalSection
EndGlobal
