
Microsoft Visual Studio Solution File, Format Version 12.00
# Visual Studio Version 17
VisualStudioVersion = 17.9.34701.34
MinimumVisualStudioVersion = 10.0.40219.1
Project("{FAE04EC0-301F-11D3-BF4B-00C04F79EFBC}") = "BankTest", "BankTest\BankTest.csproj", "{56C9413B-2BC3-4DC3-A5DF-9A5747FC9075}"
EndProject
Global
	GlobalSection(SolutionConfigurationPlatforms) = preSolution
		Debug|Any CPU = Debug|Any CPU
		Release|Any CPU = Release|Any CPU
	EndGlobalSection
	GlobalSection(ProjectConfigurationPlatforms) = postSolution
		{56C9413B-2BC3-4DC3-A5DF-9A5747FC9075}.Debug|Any CPU.ActiveCfg = Debug|Any CPU
		{56C9413B-2BC3-4DC3-A5DF-9A5747FC9075}.Debug|Any CPU.Build.0 = Debug|Any CPU
		{56C9413B-2BC3-4DC3-A5DF-9A5747FC9075}.Release|Any CPU.ActiveCfg = Release|Any CPU
		{56C9413B-2BC3-4DC3-A5DF-9A5747FC9075}.Release|Any CPU.Build.0 = Release|Any CPU
	EndGlobalSection
	GlobalSection(SolutionProperties) = preSolution
		HideSolutionNode = FALSE
	EndGlobalSection
	GlobalSection(ExtensibilityGlobals) = postSolution
		SolutionGuid = {3D8B3C4B-1548-4A15-886F-1C701836F940}
	EndGlobalSection
EndGlobal
